
Microsoft Visual Studio Solution File, Format Version 12.00
Project("{2150E333-8FDC-42A3-9474-1A3956D46DE8}") = "Services", "Services", "{E971D285-53D1-4A5E-8D1B-D17B10307D71}"
EndProject
Project("{2150E333-8FDC-42A3-9474-1A3956D46DE8}") = "Catalog", "Catalog", "{610C1F45-959E-471C-BFD6-988132354DD9}"
EndProject
Project("{FAE04EC0-301F-11D3-BF4B-00C04F79EFBC}") = "Catalog.API", "Services\Catalog\Catalog.API\Catalog.API.csproj", "{476DDC88-06C4-4572-B508-1793B2D71303}"
EndProject
Project("{2150E333-8FDC-42A3-9474-1A3956D46DE8}") = "BuildingBlocks", "BuildingBlocks", "{4F413A45-4F53-4818-AC6C-BFB4B9D184A2}"
EndProject
Project("{FAE04EC0-301F-11D3-BF4B-00C04F79EFBC}") = "BuildingBlocks", "BuildingBlocks\BuildingBlocks\BuildingBlocks.csproj", "{6C85B4E4-6596-4E1C-92C5-07F498752AE2}"
EndProject
Project("{2150E333-8FDC-42A3-9474-1A3956D46DE8}") = "Docker Compose", "Docker Compose", "{53A7C097-E572-421E-AC50-836344CBF80E}"
	ProjectSection(SolutionItems) = preProject
		docker-compose.yml = docker-compose.yml
		docker-compose.override.yml = docker-compose.override.yml
	EndProjectSection
EndProject
Project("{2150E333-8FDC-42A3-9474-1A3956D46DE8}") = "Basket", "Basket", "{7A27BDE3-3A55-41B6-A3D6-4803612033BB}"
EndProject
Project("{FAE04EC0-301F-11D3-BF4B-00C04F79EFBC}") = "Basket.API", "Services\Basket\Basket.API\Basket.API.csproj", "{462EF07B-185B-48C4-88B3-D40267420526}"
EndProject
Project("{2150E333-8FDC-42A3-9474-1A3956D46DE8}") = "Discount", "Discount", "{4EDC1DB0-3660-40EF-926A-2814F2D7EE9E}"
EndProject
Project("{FAE04EC0-301F-11D3-BF4B-00C04F79EFBC}") = "Discount.Grpc", "Services\Discount\Discount.Grpc\Discount.Grpc.csproj", "{5A5B8866-026E-4189-BCC0-6009B927E00D}"
EndProject
Project("{2150E333-8FDC-42A3-9474-1A3956D46DE8}") = "Ordering", "Ordering", "{25501029-5FE8-48DE-A5E0-4AA73AE30069}"
EndProject
Project("{FAE04EC0-301F-11D3-BF4B-00C04F79EFBC}") = "Ordering.Api", "Services\Ordering\Ordering.Api\Ordering.Api.csproj", "{45547F33-6967-4C11-B902-4A0984AB565B}"
EndProject
Project("{FAE04EC0-301F-11D3-BF4B-00C04F79EFBC}") = "Ordering.Application", "Services\Ordering\Ordering.Application\Ordering.Application\Ordering.Application.csproj", "{2809901A-11A5-495B-9365-ABDAD8F1A140}"
EndProject
Project("{FAE04EC0-301F-11D3-BF4B-00C04F79EFBC}") = "Ordering.Domain", "Services\Ordering\Ordering.Domain\Ordering.Domain\Ordering.Domain.csproj", "{D832939D-BCE7-4D00-AB74-2EC480107F14}"
EndProject
Project("{FAE04EC0-301F-11D3-BF4B-00C04F79EFBC}") = "Ordering.Infrastructure", "Services\Ordering\Ordering.Infrastructure\Ordering.Infrastructure.csproj", "{A498F9F5-86F4-4DB3-B9D8-205F0FA25884}"
EndProject
Project("{FAE04EC0-301F-11D3-BF4B-00C04F79EFBC}") = "BuildingBlocks.Messaging", "BuildingBlocks\BuildingBlocks.Messaging\BuildingBlocks.Messaging.csproj", "{F101E201-6BC6-471B-8370-6FBE33B206A5}"
EndProject
Project("{2150E333-8FDC-42A3-9474-1A3956D46DE8}") = "ApiGateways", "ApiGateways", "{A4827F7E-789A-46F7-85D3-796932D5609E}"
EndProject
Project("{FAE04EC0-301F-11D3-BF4B-00C04F79EFBC}") = "YarpApiGateway", "ApiGateways\YarpApiGateway\YarpApiGateway.csproj", "{42D0F5DE-6D48-4283-9636-33A46869C81D}"
EndProject
Global
	GlobalSection(SolutionConfigurationPlatforms) = preSolution
		Debug|Any CPU = Debug|Any CPU
		Release|Any CPU = Release|Any CPU
	EndGlobalSection
	GlobalSection(NestedProjects) = preSolution
		{610C1F45-959E-471C-BFD6-988132354DD9} = {E971D285-53D1-4A5E-8D1B-D17B10307D71}
		{476DDC88-06C4-4572-B508-1793B2D71303} = {610C1F45-959E-471C-BFD6-988132354DD9}
		{6C85B4E4-6596-4E1C-92C5-07F498752AE2} = {4F413A45-4F53-4818-AC6C-BFB4B9D184A2}
		{7A27BDE3-3A55-41B6-A3D6-4803612033BB} = {E971D285-53D1-4A5E-8D1B-D17B10307D71}
		{462EF07B-185B-48C4-88B3-D40267420526} = {7A27BDE3-3A55-41B6-A3D6-4803612033BB}
		{4EDC1DB0-3660-40EF-926A-2814F2D7EE9E} = {E971D285-53D1-4A5E-8D1B-D17B10307D71}
		{5A5B8866-026E-4189-BCC0-6009B927E00D} = {4EDC1DB0-3660-40EF-926A-2814F2D7EE9E}
		{25501029-5FE8-48DE-A5E0-4AA73AE30069} = {E971D285-53D1-4A5E-8D1B-D17B10307D71}
		{45547F33-6967-4C11-B902-4A0984AB565B} = {25501029-5FE8-48DE-A5E0-4AA73AE30069}
		{2809901A-11A5-495B-9365-ABDAD8F1A140} = {25501029-5FE8-48DE-A5E0-4AA73AE30069}
		{D832939D-BCE7-4D00-AB74-2EC480107F14} = {25501029-5FE8-48DE-A5E0-4AA73AE30069}
		{A498F9F5-86F4-4DB3-B9D8-205F0FA25884} = {25501029-5FE8-48DE-A5E0-4AA73AE30069}
		{F101E201-6BC6-471B-8370-6FBE33B206A5} = {4F413A45-4F53-4818-AC6C-BFB4B9D184A2}
		{42D0F5DE-6D48-4283-9636-33A46869C81D} = {A4827F7E-789A-46F7-85D3-796932D5609E}
	EndGlobalSection
	GlobalSection(ProjectConfigurationPlatforms) = postSolution
		{476DDC88-06C4-4572-B508-1793B2D71303}.Debug|Any CPU.ActiveCfg = Debug|Any CPU
		{476DDC88-06C4-4572-B508-1793B2D71303}.Debug|Any CPU.Build.0 = Debug|Any CPU
		{476DDC88-06C4-4572-B508-1793B2D71303}.Release|Any CPU.ActiveCfg = Release|Any CPU
		{476DDC88-06C4-4572-B508-1793B2D71303}.Release|Any CPU.Build.0 = Release|Any CPU
		{6C85B4E4-6596-4E1C-92C5-07F498752AE2}.Debug|Any CPU.ActiveCfg = Debug|Any CPU
		{6C85B4E4-6596-4E1C-92C5-07F498752AE2}.Debug|Any CPU.Build.0 = Debug|Any CPU
		{6C85B4E4-6596-4E1C-92C5-07F498752AE2}.Release|Any CPU.ActiveCfg = Release|Any CPU
		{6C85B4E4-6596-4E1C-92C5-07F498752AE2}.Release|Any CPU.Build.0 = Release|Any CPU
		{462EF07B-185B-48C4-88B3-D40267420526}.Debug|Any CPU.ActiveCfg = Debug|Any CPU
		{462EF07B-185B-48C4-88B3-D40267420526}.Debug|Any CPU.Build.0 = Debug|Any CPU
		{462EF07B-185B-48C4-88B3-D40267420526}.Release|Any CPU.ActiveCfg = Release|Any CPU
		{462EF07B-185B-48C4-88B3-D40267420526}.Release|Any CPU.Build.0 = Release|Any CPU
		{5A5B8866-026E-4189-BCC0-6009B927E00D}.Debug|Any CPU.ActiveCfg = Debug|Any CPU
		{5A5B8866-026E-4189-BCC0-6009B927E00D}.Debug|Any CPU.Build.0 = Debug|Any CPU
		{5A5B8866-026E-4189-BCC0-6009B927E00D}.Release|Any CPU.ActiveCfg = Release|Any CPU
		{5A5B8866-026E-4189-BCC0-6009B927E00D}.Release|Any CPU.Build.0 = Release|Any CPU
		{45547F33-6967-4C11-B902-4A0984AB565B}.Debug|Any CPU.ActiveCfg = Debug|Any CPU
		{45547F33-6967-4C11-B902-4A0984AB565B}.Debug|Any CPU.Build.0 = Debug|Any CPU
		{45547F33-6967-4C11-B902-4A0984AB565B}.Release|Any CPU.ActiveCfg = Release|Any CPU
		{45547F33-6967-4C11-B902-4A0984AB565B}.Release|Any CPU.Build.0 = Release|Any CPU
		{2809901A-11A5-495B-9365-ABDAD8F1A140}.Debug|Any CPU.ActiveCfg = Debug|Any CPU
		{2809901A-11A5-495B-9365-ABDAD8F1A140}.Debug|Any CPU.Build.0 = Debug|Any CPU
		{2809901A-11A5-495B-9365-ABDAD8F1A140}.Release|Any CPU.ActiveCfg = Release|Any CPU
		{2809901A-11A5-495B-9365-ABDAD8F1A140}.Release|Any CPU.Build.0 = Release|Any CPU
		{D832939D-BCE7-4D00-AB74-2EC480107F14}.Debug|Any CPU.ActiveCfg = Debug|Any CPU
		{D832939D-BCE7-4D00-AB74-2EC480107F14}.Debug|Any CPU.Build.0 = Debug|Any CPU
		{D832939D-BCE7-4D00-AB74-2EC480107F14}.Release|Any CPU.ActiveCfg = Release|Any CPU
		{D832939D-BCE7-4D00-AB74-2EC480107F14}.Release|Any CPU.Build.0 = Release|Any CPU
		{A498F9F5-86F4-4DB3-B9D8-205F0FA25884}.Debug|Any CPU.ActiveCfg = Debug|Any CPU
		{A498F9F5-86F4-4DB3-B9D8-205F0FA25884}.Debug|Any CPU.Build.0 = Debug|Any CPU
		{A498F9F5-86F4-4DB3-B9D8-205F0FA25884}.Release|Any CPU.ActiveCfg = Release|Any CPU
		{A498F9F5-86F4-4DB3-B9D8-205F0FA25884}.Release|Any CPU.Build.0 = Release|Any CPU
		{F101E201-6BC6-471B-8370-6FBE33B206A5}.Debug|Any CPU.ActiveCfg = Debug|Any CPU
		{F101E201-6BC6-471B-8370-6FBE33B206A5}.Debug|Any CPU.Build.0 = Debug|Any CPU
		{F101E201-6BC6-471B-8370-6FBE33B206A5}.Release|Any CPU.ActiveCfg = Release|Any CPU
		{F101E201-6BC6-471B-8370-6FBE33B206A5}.Release|Any CPU.Build.0 = Release|Any CPU
		{42D0F5DE-6D48-4283-9636-33A46869C81D}.Debug|Any CPU.ActiveCfg = Debug|Any CPU
		{42D0F5DE-6D48-4283-9636-33A46869C81D}.Debug|Any CPU.Build.0 = Debug|Any CPU
		{42D0F5DE-6D48-4283-9636-33A46869C81D}.Release|Any CPU.ActiveCfg = Release|Any CPU
		{42D0F5DE-6D48-4283-9636-33A46869C81D}.Release|Any CPU.Build.0 = Release|Any CPU
	EndGlobalSection
EndGlobal
